
Microsoft Visual Studio Solution File, Format Version 12.00
# Visual Studio Version 17
VisualStudioVersion = 17.7.34009.444
MinimumVisualStudioVersion = 10.0.40219.1
Project("{8BC9CEB8-8B4A-11D0-8D11-00A0C91BC942}") = "PointTest1", "PointTest1.vcxproj", "{78764D1A-D36B-4758-81C2-D6A8F55552DC}"
EndProject
Project("{8BC9CEB8-8B4A-11D0-8D11-00A0C91BC942}") = "ClassTest1", "..\ClassTest1\ClassTest1.vcxproj", "{8EBB8735-F46B-4AAD-8AB7-F0BC055B239E}"
EndProject
Global
	GlobalSection(SolutionConfigurationPlatforms) = preSolution
		Debug|x64 = Debug|x64
		Debug|x86 = Debug|x86
		Release|x64 = Release|x64
		Release|x86 = Release|x86
	EndGlobalSection
	GlobalSection(ProjectConfigurationPlatforms) = postSolution
		{78764D1A-D36B-4758-81C2-D6A8F55552DC}.Debug|x64.ActiveCfg = Debug|x64
		{78764D1A-D36B-4758-81C2-D6A8F55552DC}.Debug|x64.Build.0 = Debug|x64
		{78764D1A-D36B-4758-81C2-D6A8F55552DC}.Debug|x86.ActiveCfg = Debug|Win32
		{78764D1A-D36B-4758-81C2-D6A8F55552DC}.Debug|x86.Build.0 = Debug|Win32
		{78764D1A-D36B-4758-81C2-D6A8F55552DC}.Release|x64.ActiveCfg = Release|x64
		{78764D1A-D36B-4758-81C2-D6A8F55552DC}.Release|x64.Build.0 = Release|x64
		{78764D1A-D36B-4758-81C2-D6A8F55552DC}.Release|x86.ActiveCfg = Release|Win32
		{78764D1A-D36B-4758-81C2-D6A8F55552DC}.Release|x86.Build.0 = Release|Win32
		{8EBB8735-F46B-4AAD-8AB7-F0BC055B239E}.Debug|x64.ActiveCfg = Debug|x64
		{8EBB8735-F46B-4AAD-8AB7-F0BC055B239E}.Debug|x64.Build.0 = Debug|x64
		{8EBB8735-F46B-4AAD-8AB7-F0BC055B239E}.Debug|x86.ActiveCfg = Debug|Win32
		{8EBB8735-F46B-4AAD-8AB7-F0BC055B239E}.Debug|x86.Build.0 = Debug|Win32
		{8EBB8735-F46B-4AAD-8AB7-F0BC055B239E}.Release|x64.ActiveCfg = Release|x64
		{8EBB8735-F46B-4AAD-8AB7-F0BC055B239E}.Release|x64.Build.0 = Release|x64
		{8EBB8735-F46B-4AAD-8AB7-F0BC055B239E}.Release|x86.ActiveCfg = Release|Win32
		{8EBB8735-F46B-4AAD-8AB7-F0BC055B239E}.Release|x86.Build.0 = Release|Win32
	EndGlobalSection
	GlobalSection(SolutionProperties) = preSolution
		HideSolutionNode = FALSE
	EndGlobalSection
	GlobalSection(ExtensibilityGlobals) = postSolution
		SolutionGuid = {ADDEE7A1-7907-4458-B93B-C323844F9BA0}
	EndGlobalSection
EndGlobal
