
Microsoft Visual Studio Solution File, Format Version 12.00
# Visual Studio Version 17
VisualStudioVersion = 17.7.34009.444
MinimumVisualStudioVersion = 10.0.40219.1
Project("{8BC9CEB8-8B4A-11D0-8D11-00A0C91BC942}") = "WinTest01", "WinTest01\WinTest01.vcxproj", "{CDEEE3AD-57E3-4185-9243-C1A9356071A5}"
EndProject
Project("{8BC9CEB8-8B4A-11D0-8D11-00A0C91BC942}") = "MFCTest01", "MFCTest01\MFCTest01.vcxproj", "{2C743FA4-FD67-452F-B164-A7B79884E668}"
EndProject
Project("{8BC9CEB8-8B4A-11D0-8D11-00A0C91BC942}") = "mfcMemo", "mfcMemo\mfcMemo.vcxproj", "{BDC84F41-3A1B-4901-AA36-FE691CC79C05}"
EndProject
Global
	GlobalSection(SolutionConfigurationPlatforms) = preSolution
		Debug|x64 = Debug|x64
		Debug|x86 = Debug|x86
		Release|x64 = Release|x64
		Release|x86 = Release|x86
	EndGlobalSection
	GlobalSection(ProjectConfigurationPlatforms) = postSolution
		{CDEEE3AD-57E3-4185-9243-C1A9356071A5}.Debug|x64.ActiveCfg = Debug|x64
		{CDEEE3AD-57E3-4185-9243-C1A9356071A5}.Debug|x64.Build.0 = Debug|x64
		{CDEEE3AD-57E3-4185-9243-C1A9356071A5}.Debug|x86.ActiveCfg = Debug|Win32
		{CDEEE3AD-57E3-4185-9243-C1A9356071A5}.Debug|x86.Build.0 = Debug|Win32
		{CDEEE3AD-57E3-4185-9243-C1A9356071A5}.Release|x64.ActiveCfg = Release|x64
		{CDEEE3AD-57E3-4185-9243-C1A9356071A5}.Release|x64.Build.0 = Release|x64
		{CDEEE3AD-57E3-4185-9243-C1A9356071A5}.Release|x86.ActiveCfg = Release|Win32
		{CDEEE3AD-57E3-4185-9243-C1A9356071A5}.Release|x86.Build.0 = Release|Win32
		{2C743FA4-FD67-452F-B164-A7B79884E668}.Debug|x64.ActiveCfg = Debug|x64
		{2C743FA4-FD67-452F-B164-A7B79884E668}.Debug|x64.Build.0 = Debug|x64
		{2C743FA4-FD67-452F-B164-A7B79884E668}.Debug|x86.ActiveCfg = Debug|Win32
		{2C743FA4-FD67-452F-B164-A7B79884E668}.Debug|x86.Build.0 = Debug|Win32
		{2C743FA4-FD67-452F-B164-A7B79884E668}.Release|x64.ActiveCfg = Release|x64
		{2C743FA4-FD67-452F-B164-A7B79884E668}.Release|x64.Build.0 = Release|x64
		{2C743FA4-FD67-452F-B164-A7B79884E668}.Release|x86.ActiveCfg = Release|Win32
		{2C743FA4-FD67-452F-B164-A7B79884E668}.Release|x86.Build.0 = Release|Win32
		{BDC84F41-3A1B-4901-AA36-FE691CC79C05}.Debug|x64.ActiveCfg = Debug|x64
		{BDC84F41-3A1B-4901-AA36-FE691CC79C05}.Debug|x64.Build.0 = Debug|x64
		{BDC84F41-3A1B-4901-AA36-FE691CC79C05}.Debug|x86.ActiveCfg = Debug|Win32
		{BDC84F41-3A1B-4901-AA36-FE691CC79C05}.Debug|x86.Build.0 = Debug|Win32
		{BDC84F41-3A1B-4901-AA36-FE691CC79C05}.Release|x64.ActiveCfg = Release|x64
		{BDC84F41-3A1B-4901-AA36-FE691CC79C05}.Release|x64.Build.0 = Release|x64
		{BDC84F41-3A1B-4901-AA36-FE691CC79C05}.Release|x86.ActiveCfg = Release|Win32
		{BDC84F41-3A1B-4901-AA36-FE691CC79C05}.Release|x86.Build.0 = Release|Win32
	EndGlobalSection
	GlobalSection(SolutionProperties) = preSolution
		HideSolutionNode = FALSE
	EndGlobalSection
	GlobalSection(ExtensibilityGlobals) = postSolution
		SolutionGuid = {2B989238-67F9-4FA5-8F1A-823FDED8DF77}
	EndGlobalSection
EndGlobal
